
Microsoft Visual Studio Solution File, Format Version 12.00
# Visual Studio 15
VisualStudioVersion = 15.0.35431.46
MinimumVisualStudioVersion = 10.0.40219.1
Project("{8BC9CEB8-8B4A-11D0-8D11-00A0C91BC942}") = "primex-monitor", "primex-monitor\primex-monitor.vcxproj", "{9B5ED651-A19B-4C55-891B-DB9D4194FADE}"
EndProject
Project("{8BC9CEB8-8B4A-11D0-8D11-00A0C91BC942}") = "seed-component", "seed-component\seed-component.vcxproj", "{C5E74616-F781-48A6-8CF9-9FA018B6AA4E}"
EndProject
Project("{8BC9CEB8-8B4A-11D0-8D11-00A0C91BC942}") = "seed-product", "seed-product\seed-product.vcxproj", "{CE648B5F-7B6D-4A46-BB71-3564B53564B1}"
EndProject
Project("{8BC9CEB8-8B4A-11D0-8D11-00A0C91BC942}") = "seed-transaction", "seed-transaction\seed-transaction.vcxproj", "{3687B2D9-74BA-456B-BDF5-12C0AC1359C2}"
EndProject
Project("{8BC9CEB8-8B4A-11D0-8D11-00A0C91BC942}") = "start-primex-monitor", "start-primex-monitor\start-primex-monitor.vcxproj", "{6BD4491A-E2DF-4F17-877B-8189FEA550CA}"
EndProject
Project("{8BC9CEB8-8B4A-11D0-8D11-00A0C91BC942}") = "stop-primex-monitor", "stop-primex-monitor\stop-primex-monitor.vcxproj", "{7F237EFC-4CBC-4AA9-B06A-4168A6438C0C}"
EndProject
Project("{8BC9CEB8-8B4A-11D0-8D11-00A0C91BC942}") = "watch-primex-monitor-logs", "watch-primex-monitor-logs\watch-primex-monitor-logs.vcxproj", "{7C18D019-498B-4DD0-8EFB-926D7691AD0E}"
EndProject
Global
	GlobalSection(SolutionConfigurationPlatforms) = preSolution
		Debug|x64 = Debug|x64
		Debug|x86 = Debug|x86
		Release|x64 = Release|x64
		Release|x86 = Release|x86
	EndGlobalSection
	GlobalSection(ProjectConfigurationPlatforms) = postSolution
		{9B5ED651-A19B-4C55-891B-DB9D4194FADE}.Debug|x64.ActiveCfg = Debug|x64
		{9B5ED651-A19B-4C55-891B-DB9D4194FADE}.Debug|x64.Build.0 = Debug|x64
		{9B5ED651-A19B-4C55-891B-DB9D4194FADE}.Debug|x86.ActiveCfg = Debug|Win32
		{9B5ED651-A19B-4C55-891B-DB9D4194FADE}.Debug|x86.Build.0 = Debug|Win32
		{9B5ED651-A19B-4C55-891B-DB9D4194FADE}.Release|x64.ActiveCfg = Release|x64
		{9B5ED651-A19B-4C55-891B-DB9D4194FADE}.Release|x64.Build.0 = Release|x64
		{9B5ED651-A19B-4C55-891B-DB9D4194FADE}.Release|x86.ActiveCfg = Release|Win32
		{9B5ED651-A19B-4C55-891B-DB9D4194FADE}.Release|x86.Build.0 = Release|Win32
		{C5E74616-F781-48A6-8CF9-9FA018B6AA4E}.Debug|x64.ActiveCfg = Debug|x64
		{C5E74616-F781-48A6-8CF9-9FA018B6AA4E}.Debug|x64.Build.0 = Debug|x64
		{C5E74616-F781-48A6-8CF9-9FA018B6AA4E}.Debug|x86.ActiveCfg = Debug|Win32
		{C5E74616-F781-48A6-8CF9-9FA018B6AA4E}.Debug|x86.Build.0 = Debug|Win32
		{C5E74616-F781-48A6-8CF9-9FA018B6AA4E}.Release|x64.ActiveCfg = Release|x64
		{C5E74616-F781-48A6-8CF9-9FA018B6AA4E}.Release|x64.Build.0 = Release|x64
		{C5E74616-F781-48A6-8CF9-9FA018B6AA4E}.Release|x86.ActiveCfg = Release|Win32
		{C5E74616-F781-48A6-8CF9-9FA018B6AA4E}.Release|x86.Build.0 = Release|Win32
		{CE648B5F-7B6D-4A46-BB71-3564B53564B1}.Debug|x64.ActiveCfg = Debug|x64
		{CE648B5F-7B6D-4A46-BB71-3564B53564B1}.Debug|x64.Build.0 = Debug|x64
		{CE648B5F-7B6D-4A46-BB71-3564B53564B1}.Debug|x86.ActiveCfg = Debug|Win32
		{CE648B5F-7B6D-4A46-BB71-3564B53564B1}.Debug|x86.Build.0 = Debug|Win32
		{CE648B5F-7B6D-4A46-BB71-3564B53564B1}.Release|x64.ActiveCfg = Release|x64
		{CE648B5F-7B6D-4A46-BB71-3564B53564B1}.Release|x64.Build.0 = Release|x64
		{CE648B5F-7B6D-4A46-BB71-3564B53564B1}.Release|x86.ActiveCfg = Release|Win32
		{CE648B5F-7B6D-4A46-BB71-3564B53564B1}.Release|x86.Build.0 = Release|Win32
		{3687B2D9-74BA-456B-BDF5-12C0AC1359C2}.Debug|x64.ActiveCfg = Debug|x64
		{3687B2D9-74BA-456B-BDF5-12C0AC1359C2}.Debug|x64.Build.0 = Debug|x64
		{3687B2D9-74BA-456B-BDF5-12C0AC1359C2}.Debug|x86.ActiveCfg = Debug|Win32
		{3687B2D9-74BA-456B-BDF5-12C0AC1359C2}.Debug|x86.Build.0 = Debug|Win32
		{3687B2D9-74BA-456B-BDF5-12C0AC1359C2}.Release|x64.ActiveCfg = Release|x64
		{3687B2D9-74BA-456B-BDF5-12C0AC1359C2}.Release|x64.Build.0 = Release|x64
		{3687B2D9-74BA-456B-BDF5-12C0AC1359C2}.Release|x86.ActiveCfg = Release|Win32
		{3687B2D9-74BA-456B-BDF5-12C0AC1359C2}.Release|x86.Build.0 = Release|Win32
		{6BD4491A-E2DF-4F17-877B-8189FEA550CA}.Debug|x64.ActiveCfg = Debug|x64
		{6BD4491A-E2DF-4F17-877B-8189FEA550CA}.Debug|x64.Build.0 = Debug|x64
		{6BD4491A-E2DF-4F17-877B-8189FEA550CA}.Debug|x86.ActiveCfg = Debug|Win32
		{6BD4491A-E2DF-4F17-877B-8189FEA550CA}.Debug|x86.Build.0 = Debug|Win32
		{6BD4491A-E2DF-4F17-877B-8189FEA550CA}.Release|x64.ActiveCfg = Release|x64
		{6BD4491A-E2DF-4F17-877B-8189FEA550CA}.Release|x64.Build.0 = Release|x64
		{6BD4491A-E2DF-4F17-877B-8189FEA550CA}.Release|x86.ActiveCfg = Release|Win32
		{6BD4491A-E2DF-4F17-877B-8189FEA550CA}.Release|x86.Build.0 = Release|Win32
		{7F237EFC-4CBC-4AA9-B06A-4168A6438C0C}.Debug|x64.ActiveCfg = Debug|x64
		{7F237EFC-4CBC-4AA9-B06A-4168A6438C0C}.Debug|x64.Build.0 = Debug|x64
		{7F237EFC-4CBC-4AA9-B06A-4168A6438C0C}.Debug|x86.ActiveCfg = Debug|Win32
		{7F237EFC-4CBC-4AA9-B06A-4168A6438C0C}.Debug|x86.Build.0 = Debug|Win32
		{7F237EFC-4CBC-4AA9-B06A-4168A6438C0C}.Release|x64.ActiveCfg = Release|x64
		{7F237EFC-4CBC-4AA9-B06A-4168A6438C0C}.Release|x64.Build.0 = Release|x64
		{7F237EFC-4CBC-4AA9-B06A-4168A6438C0C}.Release|x86.ActiveCfg = Release|Win32
		{7F237EFC-4CBC-4AA9-B06A-4168A6438C0C}.Release|x86.Build.0 = Release|Win32
		{7C18D019-498B-4DD0-8EFB-926D7691AD0E}.Debug|x64.ActiveCfg = Debug|x64
		{7C18D019-498B-4DD0-8EFB-926D7691AD0E}.Debug|x64.Build.0 = Debug|x64
		{7C18D019-498B-4DD0-8EFB-926D7691AD0E}.Debug|x86.ActiveCfg = Debug|Win32
		{7C18D019-498B-4DD0-8EFB-926D7691AD0E}.Debug|x86.Build.0 = Debug|Win32
		{7C18D019-498B-4DD0-8EFB-926D7691AD0E}.Release|x64.ActiveCfg = Release|x64
		{7C18D019-498B-4DD0-8EFB-926D7691AD0E}.Release|x64.Build.0 = Release|x64
		{7C18D019-498B-4DD0-8EFB-926D7691AD0E}.Release|x86.ActiveCfg = Release|Win32
		{7C18D019-498B-4DD0-8EFB-926D7691AD0E}.Release|x86.Build.0 = Release|Win32
	EndGlobalSection
	GlobalSection(SolutionProperties) = preSolution
		HideSolutionNode = FALSE
	EndGlobalSection
	GlobalSection(ExtensibilityGlobals) = postSolution
		SolutionGuid = {FA35DAA8-B8C2-4A8E-A581-30B849B64A32}
	EndGlobalSection
EndGlobal
